{
  "version": 4,
  "terraform_version": "1.14.0",
  "serial": 20,
  "lineage": "1d360c1f-b3cd-ed67-47ca-d17a806148fa",
  "outputs": {},
  "resources": [
    {
      "mode": "data",
      "type": "azurerm_subscription",
      "name": "current",
      "provider": "provider[\"registry.terraform.io/hashicorp/azurerm\"]",
      "instances": [
        {
          "schema_version": 0,
          "attributes": {
            "display_name": "Azure subscription 1",
            "id": "/subscriptions/804713df-4f23-407e-b4c4-483ea265aee2",
            "location_placement_id": "Public_2014-09-01",
            "quota_id": "FreeTrial_2014-09-01",
            "spending_limit": "On",
            "state": "Enabled",
            "subscription_id": "804713df-4f23-407e-b4c4-483ea265aee2",
            "tags": {},
            "tenant_id": "ad749325-2abe-4357-89f4-457336643677",
            "timeouts": null
          },
          "sensitive_attributes": [],
          "identity_schema_version": 0
        }
      ]
    },
    {
      "mode": "managed",
      "type": "azurerm_app_service_plan",
      "name": "sgttyoughi",
      "provider": "provider[\"registry.terraform.io/hashicorp/azurerm\"]",
      "instances": [
        {
          "schema_version": 1,
          "attributes": {
            "app_service_environment_id": "",
            "id": "/subscriptions/804713df-4f23-407e-b4c4-483ea265aee2/resourceGroups/terraRg/providers/Microsoft.Web/serverFarms/azure-functions-test-service-plan",
            "is_xenon": false,
            "kind": "functionapp",
            "location": "canadacentral",
            "maximum_elastic_worker_count": 1,
            "maximum_number_of_workers": 0,
            "name": "azure-functions-test-service-plan",
            "per_site_scaling": false,
            "reserved": false,
            "resource_group_name": "terraRg",
            "sku": [
              {
                "capacity": 0,
                "size": "Y1",
                "tier": "Dynamic"
              }
            ],
            "tags": {},
            "timeouts": null,
            "zone_redundant": false
          },
          "sensitive_attributes": [],
          "identity_schema_version": 0,
          "private": "eyJlMmJmYjczMC1lY2FhLTExZTYtOGY4OC0zNDM2M2JjN2M0YzAiOnsiY3JlYXRlIjozNjAwMDAwMDAwMDAwLCJkZWxldGUiOjM2MDAwMDAwMDAwMDAsInJlYWQiOjMwMDAwMDAwMDAwMCwidXBkYXRlIjozNjAwMDAwMDAwMDAwfSwic2NoZW1hX3ZlcnNpb24iOiIxIn0=",
          "dependencies": [
            "azurerm_resource_group.rgblock"
          ]
        }
      ]
    },
    {
      "mode": "managed",
      "type": "azurerm_function_app",
      "name": "sgttyoughi005",
      "provider": "provider[\"registry.terraform.io/hashicorp/azurerm\"]",
      "instances": [
        {
          "schema_version": 0,
          "attributes": {
            "app_service_plan_id": "/subscriptions/804713df-4f23-407e-b4c4-483ea265aee2/resourceGroups/terraRg/providers/Microsoft.Web/serverFarms/azure-functions-test-service-plan",
            "app_settings": {},
            "auth_settings": [
              {
                "active_directory": [],
                "additional_login_params": {},
                "allowed_external_redirect_urls": [],
                "default_provider": "",
                "enabled": false,
                "facebook": [],
                "google": [],
                "issuer": "",
                "microsoft": [],
                "runtime_version": "",
                "token_refresh_extension_hours": 0,
                "token_store_enabled": false,
                "twitter": [],
                "unauthenticated_client_action": ""
              }
            ],
            "client_cert_mode": "",
            "connection_string": [],
            "custom_domain_verification_id": "A887F62DD869B39A879FC3C8236BA31C194481D184AB7C17361E2D5D16E02F46",
            "daily_memory_time_quota": 0,
            "default_hostname": "sgttyoughi005.azurewebsites.net",
            "enable_builtin_logging": true,
            "enabled": true,
            "https_only": false,
            "id": "/subscriptions/804713df-4f23-407e-b4c4-483ea265aee2/resourceGroups/terraRg/providers/Microsoft.Web/sites/sgttyoughi005",
            "identity": [],
            "key_vault_reference_identity_id": "SystemAssigned",
            "kind": "functionapp",
            "location": "canadacentral",
            "name": "sgttyoughi005",
            "os_type": "",
            "outbound_ip_addresses": "130.107.180.169,130.107.180.207,130.107.181.12,130.107.181.29,130.107.181.97,130.107.181.108,130.107.128.20,130.107.128.84,130.107.128.94,130.107.128.109,130.107.128.110,130.107.128.114,130.107.128.159,130.107.128.171,130.107.128.173,130.107.128.187,130.107.128.189,130.107.128.199,20.48.204.12",
            "possible_outbound_ip_addresses": "130.107.180.169,130.107.180.207,130.107.181.12,130.107.181.29,130.107.181.97,130.107.181.108,130.107.128.20,130.107.128.84,130.107.128.94,130.107.128.109,130.107.128.110,130.107.128.114,130.107.128.159,130.107.128.171,130.107.128.173,130.107.128.187,130.107.128.189,130.107.128.199,130.107.128.253,130.107.181.131,130.107.181.156,130.107.181.222,130.107.181.249,130.107.182.143,130.107.182.152,130.107.182.226,130.107.182.237,130.107.183.22,130.107.183.33,130.107.183.60,130.107.183.119,130.107.183.214,130.107.183.216,130.107.183.227,130.107.183.56,130.107.183.57,130.107.128.2,130.107.128.201,130.107.128.204,130.107.128.225,130.107.128.227,130.107.128.229,130.107.128.251,20.48.204.12",
            "resource_group_name": "terraRg",
            "site_config": [
              {
                "always_on": false,
                "app_scale_limit": 200,
                "auto_swap_slot_name": "",
                "cors": [],
                "dotnet_framework_version": "v4.0",
                "elastic_instance_minimum": 0,
                "ftps_state": "FtpsOnly",
                "health_check_path": "",
                "http2_enabled": false,
                "ip_restriction": [],
                "java_version": "",
                "linux_fx_version": "",
                "min_tls_version": "1.2",
                "pre_warmed_instance_count": 0,
                "runtime_scale_monitoring_enabled": false,
                "scm_ip_restriction": [],
                "scm_type": "None",
                "scm_use_main_ip_restriction": false,
                "use_32_bit_worker_process": true,
                "vnet_route_all_enabled": false,
                "websockets_enabled": false
              }
            ],
            "site_credential": [
              {
                "password": "glzJxD8mWJcjehfQ4JtWxiseYQv1Ah0slLyhwXwpvFJdzAMvmvqqshSewrfq",
                "username": "$sgttyoughi005"
              }
            ],
            "source_control": [
              {
                "branch": "main",
                "manual_integration": false,
                "repo_url": "",
                "rollback_enabled": false,
                "use_mercurial": false
              }
            ],
            "storage_account_access_key": "2PY1iUkgCpn52l/2ZDOMpBsKr4KuDUCeHOaU3H1IsSUu2ddJsEvwdZiJCnJRbKzlsHlbPIJkTRvd+ASthbKhZg==",
            "storage_account_name": "sgttyoughi005",
            "tags": {},
            "timeouts": null,
            "version": "~1"
          },
          "sensitive_attributes": [
            [
              {
                "type": "get_attr",
                "value": "storage_account_access_key"
              }
            ]
          ],
          "identity_schema_version": 0,
          "private": "eyJlMmJmYjczMC1lY2FhLTExZTYtOGY4OC0zNDM2M2JjN2M0YzAiOnsiY3JlYXRlIjoxODAwMDAwMDAwMDAwLCJkZWxldGUiOjE4MDAwMDAwMDAwMDAsInJlYWQiOjMwMDAwMDAwMDAwMCwidXBkYXRlIjoxODAwMDAwMDAwMDAwfX0=",
          "dependencies": [
            "azurerm_app_service_plan.sgttyoughi",
            "azurerm_resource_group.rgblock",
            "azurerm_service_plan.asp",
            "azurerm_storage_account.storageblock",
            "azurerm_subnet.subnetblock",
            "azurerm_virtual_network.vnet",
            "azurerm_windows_web_app.webapp"
          ]
        }
      ]
    },
    {
      "mode": "managed",
      "type": "azurerm_network_security_group",
      "name": "nsg1",
      "provider": "provider[\"registry.terraform.io/hashicorp/azurerm\"]",
      "instances": [
        {
          "schema_version": 0,
          "attributes": {
            "id": "/subscriptions/804713df-4f23-407e-b4c4-483ea265aee2/resourceGroups/terraRg/providers/Microsoft.Network/networkSecurityGroups/nsg1",
            "location": "canadacentral",
            "name": "nsg1",
            "resource_group_name": "terraRg",
            "security_rule": [
              {
                "access": "Allow",
                "description": "",
                "destination_address_prefix": "*",
                "destination_address_prefixes": [],
                "destination_application_security_group_ids": [],
                "destination_port_range": "*",
                "destination_port_ranges": [],
                "direction": "Inbound",
                "name": "Allowtraffic",
                "priority": 100,
                "protocol": "Tcp",
                "source_address_prefix": "*",
                "source_address_prefixes": [],
                "source_application_security_group_ids": [],
                "source_port_range": "*",
                "source_port_ranges": []
              }
            ],
            "tags": {},
            "timeouts": null
          },
          "sensitive_attributes": [],
          "identity_schema_version": 0,
          "identity": {
            "name": "nsg1",
            "resource_group_name": "terraRg",
            "subscription_id": "804713df-4f23-407e-b4c4-483ea265aee2"
          },
          "private": "eyJlMmJmYjczMC1lY2FhLTExZTYtOGY4OC0zNDM2M2JjN2M0YzAiOnsiY3JlYXRlIjoxODAwMDAwMDAwMDAwLCJkZWxldGUiOjE4MDAwMDAwMDAwMDAsInJlYWQiOjMwMDAwMDAwMDAwMCwidXBkYXRlIjoxODAwMDAwMDAwMDAwfX0=",
          "dependencies": [
            "azurerm_resource_group.rgblock"
          ]
        }
      ]
    },
    {
      "mode": "managed",
      "type": "azurerm_network_security_rule",
      "name": "allow_ssh",
      "provider": "provider[\"registry.terraform.io/hashicorp/azurerm\"]",
      "instances": [
        {
          "schema_version": 0,
          "attributes": {
            "access": "Allow",
            "description": "",
            "destination_address_prefix": "*",
            "destination_address_prefixes": [],
            "destination_application_security_group_ids": [],
            "destination_port_range": "*",
            "destination_port_ranges": [],
            "direction": "Inbound",
            "id": "/subscriptions/804713df-4f23-407e-b4c4-483ea265aee2/resourceGroups/terraRg/providers/Microsoft.Network/networkSecurityGroups/nsg1/securityRules/Allowtraffic",
            "name": "Allowtraffic",
            "network_security_group_name": "nsg1",
            "priority": 100,
            "protocol": "Tcp",
            "resource_group_name": "terraRg",
            "source_address_prefix": "*",
            "source_address_prefixes": [],
            "source_application_security_group_ids": [],
            "source_port_range": "*",
            "source_port_ranges": [],
            "timeouts": null
          },
          "sensitive_attributes": [],
          "identity_schema_version": 0,
          "identity": {
            "name": "Allowtraffic",
            "network_security_group_name": "nsg1",
            "resource_group_name": "terraRg",
            "subscription_id": "804713df-4f23-407e-b4c4-483ea265aee2"
          },
          "private": "eyJlMmJmYjczMC1lY2FhLTExZTYtOGY4OC0zNDM2M2JjN2M0YzAiOnsiY3JlYXRlIjoxODAwMDAwMDAwMDAwLCJkZWxldGUiOjE4MDAwMDAwMDAwMDAsInJlYWQiOjMwMDAwMDAwMDAwMCwidXBkYXRlIjoxODAwMDAwMDAwMDAwfX0=",
          "dependencies": [
            "azurerm_network_security_group.nsg1",
            "azurerm_resource_group.rgblock"
          ]
        }
      ]
    },
    {
      "mode": "managed",
      "type": "azurerm_resource_group",
      "name": "rgblock",
      "provider": "provider[\"registry.terraform.io/hashicorp/azurerm\"]",
      "instances": [
        {
          "schema_version": 0,
          "attributes": {
            "id": "/subscriptions/804713df-4f23-407e-b4c4-483ea265aee2/resourceGroups/terraRg",
            "location": "canadacentral",
            "managed_by": "",
            "name": "terraRg",
            "tags": {},
            "timeouts": null
          },
          "sensitive_attributes": [],
          "identity_schema_version": 0,
          "identity": {
            "name": "terraRg",
            "subscription_id": "804713df-4f23-407e-b4c4-483ea265aee2"
          },
          "private": "eyJlMmJmYjczMC1lY2FhLTExZTYtOGY4OC0zNDM2M2JjN2M0YzAiOnsiY3JlYXRlIjo1NDAwMDAwMDAwMDAwLCJkZWxldGUiOjU0MDAwMDAwMDAwMDAsInJlYWQiOjMwMDAwMDAwMDAwMCwidXBkYXRlIjo1NDAwMDAwMDAwMDAwfX0="
        }
      ]
    },
    {
      "mode": "managed",
      "type": "azurerm_service_plan",
      "name": "asp",
      "provider": "provider[\"registry.terraform.io/hashicorp/azurerm\"]",
      "instances": [
        {
          "schema_version": 1,
          "attributes": {
            "app_service_environment_id": "",
            "id": "/subscriptions/804713df-4f23-407e-b4c4-483ea265aee2/resourceGroups/terraRg/providers/Microsoft.Web/serverFarms/asp-webapp-demo",
            "kind": "app",
            "location": "canadacentral",
            "maximum_elastic_worker_count": 1,
            "name": "asp-webapp-demo",
            "os_type": "Windows",
            "per_site_scaling_enabled": false,
            "premium_plan_auto_scale_enabled": false,
            "reserved": false,
            "resource_group_name": "terraRg",
            "sku_name": "B1",
            "tags": {},
            "timeouts": null,
            "worker_count": 1,
            "zone_balancing_enabled": false
          },
          "sensitive_attributes": [],
          "identity_schema_version": 0,
          "private": "eyJlMmJmYjczMC1lY2FhLTExZTYtOGY4OC0zNDM2M2JjN2M0YzAiOnsiY3JlYXRlIjozNjAwMDAwMDAwMDAwLCJkZWxldGUiOjM2MDAwMDAwMDAwMDAsInJlYWQiOjMwMDAwMDAwMDAwMCwidXBkYXRlIjozNjAwMDAwMDAwMDAwfSwic2NoZW1hX3ZlcnNpb24iOiIxIn0=",
          "dependencies": [
            "azurerm_resource_group.rgblock"
          ]
        }
      ]
    },
    {
      "mode": "managed",
      "type": "azurerm_storage_account",
      "name": "storageblock",
      "provider": "provider[\"registry.terraform.io/hashicorp/azurerm\"]",
      "instances": [
        {
          "schema_version": 4,
          "attributes": {
            "access_tier": "Hot",
            "account_kind": "StorageV2",
            "account_replication_type": "LRS",
            "account_tier": "Standard",
            "allow_nested_items_to_be_public": true,
            "allowed_copy_scope": "",
            "azure_files_authentication": [],
            "blob_properties": [
              {
                "change_feed_enabled": false,
                "change_feed_retention_in_days": 0,
                "container_delete_retention_policy": [],
                "cors_rule": [],
                "default_service_version": "",
                "delete_retention_policy": [],
                "last_access_time_enabled": false,
                "restore_policy": [],
                "versioning_enabled": false
              }
            ],
            "cross_tenant_replication_enabled": false,
            "custom_domain": [],
            "customer_managed_key": [],
            "default_to_oauth_authentication": false,
            "dns_endpoint_type": "Standard",
            "edge_zone": "",
            "https_traffic_only_enabled": true,
            "id": "/subscriptions/804713df-4f23-407e-b4c4-483ea265aee2/resourceGroups/terraRg/providers/Microsoft.Storage/storageAccounts/sgttyoughi005",
            "identity": [],
            "immutability_policy": [],
            "infrastructure_encryption_enabled": false,
            "is_hns_enabled": false,
            "large_file_share_enabled": false,
            "local_user_enabled": true,
            "location": "canadacentral",
            "min_tls_version": "TLS1_2",
            "name": "sgttyoughi005",
            "network_rules": [
              {
                "bypass": [
                  "AzureServices"
                ],
                "default_action": "Deny",
                "ip_rules": [
                  "130.107.128.109",
                  "130.107.128.110",
                  "130.107.128.114",
                  "130.107.128.159",
                  "130.107.128.171",
                  "130.107.128.173",
                  "130.107.128.187",
                  "130.107.128.189",
                  "130.107.128.199",
                  "130.107.128.2",
                  "130.107.128.20",
                  "130.107.128.201",
                  "130.107.128.204",
                  "130.107.128.225",
                  "130.107.128.227",
                  "130.107.128.229",
                  "130.107.128.251",
                  "130.107.128.253",
                  "130.107.128.84",
                  "130.107.128.94",
                  "130.107.180.169",
                  "130.107.180.207",
                  "130.107.181.108",
                  "130.107.181.12",
                  "130.107.181.131",
                  "130.107.181.156",
                  "130.107.181.222",
                  "130.107.181.249",
                  "130.107.181.29",
                  "130.107.181.97",
                  "130.107.182.143",
                  "130.107.182.152",
                  "130.107.182.226",
                  "130.107.182.237",
                  "130.107.183.119",
                  "130.107.183.214",
                  "130.107.183.216",
                  "130.107.183.22",
                  "130.107.183.227",
                  "130.107.183.33",
                  "130.107.183.56",
                  "130.107.183.57",
                  "130.107.183.60",
                  "20.48.204.12"
                ],
                "private_link_access": [],
                "virtual_network_subnet_ids": [
                  "/subscriptions/804713df-4f23-407e-b4c4-483ea265aee2/resourceGroups/terraRg/providers/Microsoft.Network/virtualNetworks/vnet/subnets/pzi-sbu-subnet-001"
                ]
              }
            ],
            "nfsv3_enabled": false,
            "primary_access_key": "2PY1iUkgCpn52l/2ZDOMpBsKr4KuDUCeHOaU3H1IsSUu2ddJsEvwdZiJCnJRbKzlsHlbPIJkTRvd+ASthbKhZg==",
            "primary_blob_connection_string": "DefaultEndpointsProtocol=https;BlobEndpoint=https://sgttyoughi005.blob.core.windows.net/;AccountName=sgttyoughi005;AccountKey=2PY1iUkgCpn52l/2ZDOMpBsKr4KuDUCeHOaU3H1IsSUu2ddJsEvwdZiJCnJRbKzlsHlbPIJkTRvd+ASthbKhZg==",
            "primary_blob_endpoint": "https://sgttyoughi005.blob.core.windows.net/",
            "primary_blob_host": "sgttyoughi005.blob.core.windows.net",
            "primary_blob_internet_endpoint": "",
            "primary_blob_internet_host": "",
            "primary_blob_microsoft_endpoint": "",
            "primary_blob_microsoft_host": "",
            "primary_connection_string": "DefaultEndpointsProtocol=https;AccountName=sgttyoughi005;AccountKey=2PY1iUkgCpn52l/2ZDOMpBsKr4KuDUCeHOaU3H1IsSUu2ddJsEvwdZiJCnJRbKzlsHlbPIJkTRvd+ASthbKhZg==;EndpointSuffix=core.windows.net",
            "primary_dfs_endpoint": "https://sgttyoughi005.dfs.core.windows.net/",
            "primary_dfs_host": "sgttyoughi005.dfs.core.windows.net",
            "primary_dfs_internet_endpoint": "",
            "primary_dfs_internet_host": "",
            "primary_dfs_microsoft_endpoint": "",
            "primary_dfs_microsoft_host": "",
            "primary_file_endpoint": "https://sgttyoughi005.file.core.windows.net/",
            "primary_file_host": "sgttyoughi005.file.core.windows.net",
            "primary_file_internet_endpoint": "",
            "primary_file_internet_host": "",
            "primary_file_microsoft_endpoint": "",
            "primary_file_microsoft_host": "",
            "primary_location": "canadacentral",
            "primary_queue_endpoint": "https://sgttyoughi005.queue.core.windows.net/",
            "primary_queue_host": "sgttyoughi005.queue.core.windows.net",
            "primary_queue_microsoft_endpoint": "",
            "primary_queue_microsoft_host": "",
            "primary_table_endpoint": "https://sgttyoughi005.table.core.windows.net/",
            "primary_table_host": "sgttyoughi005.table.core.windows.net",
            "primary_table_microsoft_endpoint": "",
            "primary_table_microsoft_host": "",
            "primary_web_endpoint": "https://sgttyoughi005.z9.web.core.windows.net/",
            "primary_web_host": "sgttyoughi005.z9.web.core.windows.net",
            "primary_web_internet_endpoint": "",
            "primary_web_internet_host": "",
            "primary_web_microsoft_endpoint": "",
            "primary_web_microsoft_host": "",
            "provisioned_billing_model_version": "",
            "public_network_access_enabled": true,
            "queue_encryption_key_type": "Service",
            "queue_properties": [
              {
                "cors_rule": [],
                "hour_metrics": [
                  {
                    "enabled": false,
                    "include_apis": false,
                    "retention_policy_days": 0,
                    "version": "1.0"
                  }
                ],
                "logging": [
                  {
                    "delete": false,
                    "read": false,
                    "retention_policy_days": 0,
                    "version": "1.0",
                    "write": false
                  }
                ],
                "minute_metrics": [
                  {
                    "enabled": false,
                    "include_apis": false,
                    "retention_policy_days": 0,
                    "version": "1.0"
                  }
                ]
              }
            ],
            "resource_group_name": "terraRg",
            "routing": [],
            "sas_policy": [],
            "secondary_access_key": "GxkyApkVCjaCCm1cj1lcEN6ImrvTCl8ynabo7Q8u98ORHnufR8BUuiU3e2e1LnG3MLFYI5Q/MUK3+ASte+D1+A==",
            "secondary_blob_connection_string": "",
            "secondary_blob_endpoint": "",
            "secondary_blob_host": "",
            "secondary_blob_internet_endpoint": "",
            "secondary_blob_internet_host": "",
            "secondary_blob_microsoft_endpoint": "",
            "secondary_blob_microsoft_host": "",
            "secondary_connection_string": "DefaultEndpointsProtocol=https;AccountName=sgttyoughi005;AccountKey=GxkyApkVCjaCCm1cj1lcEN6ImrvTCl8ynabo7Q8u98ORHnufR8BUuiU3e2e1LnG3MLFYI5Q/MUK3+ASte+D1+A==;EndpointSuffix=core.windows.net",
            "secondary_dfs_endpoint": "",
            "secondary_dfs_host": "",
            "secondary_dfs_internet_endpoint": "",
            "secondary_dfs_internet_host": "",
            "secondary_dfs_microsoft_endpoint": "",
            "secondary_dfs_microsoft_host": "",
            "secondary_file_endpoint": "",
            "secondary_file_host": "",
            "secondary_file_internet_endpoint": "",
            "secondary_file_internet_host": "",
            "secondary_file_microsoft_endpoint": "",
            "secondary_file_microsoft_host": "",
            "secondary_location": "",
            "secondary_queue_endpoint": "",
            "secondary_queue_host": "",
            "secondary_queue_microsoft_endpoint": "",
            "secondary_queue_microsoft_host": "",
            "secondary_table_endpoint": "",
            "secondary_table_host": "",
            "secondary_table_microsoft_endpoint": "",
            "secondary_table_microsoft_host": "",
            "secondary_web_endpoint": "",
            "secondary_web_host": "",
            "secondary_web_internet_endpoint": "",
            "secondary_web_internet_host": "",
            "secondary_web_microsoft_endpoint": "",
            "secondary_web_microsoft_host": "",
            "sftp_enabled": false,
            "share_properties": [
              {
                "cors_rule": [],
                "retention_policy": [
                  {
                    "days": 7
                  }
                ],
                "smb": []
              }
            ],
            "shared_access_key_enabled": true,
            "static_website": [],
            "table_encryption_key_type": "Service",
            "tags": {},
            "timeouts": null
          },
          "sensitive_attributes": [
            [
              {
                "type": "get_attr",
                "value": "primary_access_key"
              }
            ],
            [
              {
                "type": "get_attr",
                "value": "primary_blob_connection_string"
              }
            ],
            [
              {
                "type": "get_attr",
                "value": "primary_connection_string"
              }
            ],
            [
              {
                "type": "get_attr",
                "value": "secondary_access_key"
              }
            ],
            [
              {
                "type": "get_attr",
                "value": "secondary_blob_connection_string"
              }
            ],
            [
              {
                "type": "get_attr",
                "value": "secondary_connection_string"
              }
            ]
          ],
          "identity_schema_version": 0,
          "identity": {
            "name": "sgttyoughi005",
            "resource_group_name": "terraRg",
            "subscription_id": "804713df-4f23-407e-b4c4-483ea265aee2"
          },
          "private": "eyJlMmJmYjczMC1lY2FhLTExZTYtOGY4OC0zNDM2M2JjN2M0YzAiOnsiY3JlYXRlIjozNjAwMDAwMDAwMDAwLCJkZWxldGUiOjM2MDAwMDAwMDAwMDAsInJlYWQiOjMwMDAwMDAwMDAwMCwidXBkYXRlIjozNjAwMDAwMDAwMDAwfSwic2NoZW1hX3ZlcnNpb24iOiI0In0=",
          "dependencies": [
            "azurerm_resource_group.rgblock",
            "azurerm_service_plan.asp",
            "azurerm_subnet.subnetblock",
            "azurerm_virtual_network.vnet",
            "azurerm_windows_web_app.webapp"
          ]
        }
      ]
    },
    {
      "mode": "managed",
      "type": "azurerm_subnet",
      "name": "subnetblock",
      "provider": "provider[\"registry.terraform.io/hashicorp/azurerm\"]",
      "instances": [
        {
          "schema_version": 0,
          "attributes": {
            "address_prefixes": [
              "10.0.77.0/27"
            ],
            "default_outbound_access_enabled": true,
            "delegation": [],
            "id": "/subscriptions/804713df-4f23-407e-b4c4-483ea265aee2/resourceGroups/terraRg/providers/Microsoft.Network/virtualNetworks/vnet/subnets/pzi-sbu-subnet-001",
            "ip_address_pool": [],
            "name": "pzi-sbu-subnet-001",
            "private_endpoint_network_policies": "Disabled",
            "private_link_service_network_policies_enabled": true,
            "resource_group_name": "terraRg",
            "service_endpoint_policy_ids": [],
            "service_endpoints": [
              "Microsoft.Storage"
            ],
            "sharing_scope": "",
            "timeouts": null,
            "virtual_network_name": "vnet"
          },
          "sensitive_attributes": [],
          "identity_schema_version": 0,
          "identity": {
            "name": "pzi-sbu-subnet-001",
            "resource_group_name": "terraRg",
            "subscription_id": "804713df-4f23-407e-b4c4-483ea265aee2",
            "virtual_network_name": "vnet"
          },
          "private": "eyJlMmJmYjczMC1lY2FhLTExZTYtOGY4OC0zNDM2M2JjN2M0YzAiOnsiY3JlYXRlIjoxODAwMDAwMDAwMDAwLCJkZWxldGUiOjE4MDAwMDAwMDAwMDAsInJlYWQiOjMwMDAwMDAwMDAwMCwidXBkYXRlIjoxODAwMDAwMDAwMDAwfX0=",
          "dependencies": [
            "azurerm_resource_group.rgblock",
            "azurerm_virtual_network.vnet"
          ]
        }
      ]
    },
    {
      "mode": "managed",
      "type": "azurerm_subnet_network_security_group_association",
      "name": "network",
      "provider": "provider[\"registry.terraform.io/hashicorp/azurerm\"]",
      "instances": [
        {
          "schema_version": 0,
          "attributes": {
            "id": "/subscriptions/804713df-4f23-407e-b4c4-483ea265aee2/resourceGroups/terraRg/providers/Microsoft.Network/virtualNetworks/vnet/subnets/pzi-sbu-subnet-001",
            "network_security_group_id": "/subscriptions/804713df-4f23-407e-b4c4-483ea265aee2/resourceGroups/terraRg/providers/Microsoft.Network/networkSecurityGroups/nsg1",
            "subnet_id": "/subscriptions/804713df-4f23-407e-b4c4-483ea265aee2/resourceGroups/terraRg/providers/Microsoft.Network/virtualNetworks/vnet/subnets/pzi-sbu-subnet-001",
            "timeouts": null
          },
          "sensitive_attributes": [],
          "identity_schema_version": 0,
          "private": "eyJlMmJmYjczMC1lY2FhLTExZTYtOGY4OC0zNDM2M2JjN2M0YzAiOnsiY3JlYXRlIjoxODAwMDAwMDAwMDAwLCJkZWxldGUiOjE4MDAwMDAwMDAwMDAsInJlYWQiOjMwMDAwMDAwMDAwMH19",
          "dependencies": [
            "azurerm_network_security_group.nsg1",
            "azurerm_resource_group.rgblock",
            "azurerm_subnet.subnetblock",
            "azurerm_virtual_network.vnet"
          ]
        }
      ]
    },
    {
      "mode": "managed",
      "type": "azurerm_virtual_network",
      "name": "vnet",
      "provider": "provider[\"registry.terraform.io/hashicorp/azurerm\"]",
      "instances": [
        {
          "schema_version": 0,
          "attributes": {
            "address_space": [
              "10.0.77.0/24"
            ],
            "bgp_community": "",
            "ddos_protection_plan": [],
            "dns_servers": [],
            "edge_zone": "",
            "encryption": [],
            "flow_timeout_in_minutes": 0,
            "guid": "53ec2ddc-53b9-4f8b-a965-9917960cab42",
            "id": "/subscriptions/804713df-4f23-407e-b4c4-483ea265aee2/resourceGroups/terraRg/providers/Microsoft.Network/virtualNetworks/vnet",
            "ip_address_pool": [],
            "location": "canadacentral",
            "name": "vnet",
            "private_endpoint_vnet_policies": "Disabled",
            "resource_group_name": "terraRg",
            "subnet": [
              {
                "address_prefixes": [
                  "10.0.77.0/27"
                ],
                "default_outbound_access_enabled": true,
                "delegation": [],
                "id": "/subscriptions/804713df-4f23-407e-b4c4-483ea265aee2/resourceGroups/terraRg/providers/Microsoft.Network/virtualNetworks/vnet/subnets/pzi-sbu-subnet-001",
                "name": "pzi-sbu-subnet-001",
                "private_endpoint_network_policies": "Disabled",
                "private_link_service_network_policies_enabled": true,
                "route_table_id": "",
                "security_group": "/subscriptions/804713df-4f23-407e-b4c4-483ea265aee2/resourceGroups/terraRg/providers/Microsoft.Network/networkSecurityGroups/nsg1",
                "service_endpoint_policy_ids": [],
                "service_endpoints": [
                  "Microsoft.Storage"
                ]
              }
            ],
            "tags": {},
            "timeouts": null
          },
          "sensitive_attributes": [],
          "identity_schema_version": 0,
          "identity": {
            "name": "vnet",
            "resource_group_name": "terraRg",
            "subscription_id": "804713df-4f23-407e-b4c4-483ea265aee2"
          },
          "private": "eyJlMmJmYjczMC1lY2FhLTExZTYtOGY4OC0zNDM2M2JjN2M0YzAiOnsiY3JlYXRlIjoxODAwMDAwMDAwMDAwLCJkZWxldGUiOjE4MDAwMDAwMDAwMDAsInJlYWQiOjMwMDAwMDAwMDAwMCwidXBkYXRlIjoxODAwMDAwMDAwMDAwfX0=",
          "dependencies": [
            "azurerm_resource_group.rgblock"
          ]
        }
      ]
    },
    {
      "mode": "managed",
      "type": "azurerm_windows_web_app",
      "name": "webapp",
      "provider": "provider[\"registry.terraform.io/hashicorp/azurerm\"]",
      "instances": [
        {
          "schema_version": 1,
          "attributes": {
            "app_settings": {},
            "auth_settings": [
              {
                "active_directory": [],
                "additional_login_parameters": {},
                "allowed_external_redirect_urls": [],
                "default_provider": "",
                "enabled": false,
                "facebook": [],
                "github": [],
                "google": [],
                "issuer": "",
                "microsoft": [],
                "runtime_version": "",
                "token_refresh_extension_hours": 0,
                "token_store_enabled": false,
                "twitter": [],
                "unauthenticated_client_action": ""
              }
            ],
            "auth_settings_v2": [],
            "backup": [],
            "client_affinity_enabled": false,
            "client_certificate_enabled": false,
            "client_certificate_exclusion_paths": "",
            "client_certificate_mode": "Required",
            "connection_string": [],
            "custom_domain_verification_id": "A887F62DD869B39A879FC3C8236BA31C194481D184AB7C17361E2D5D16E02F46",
            "default_hostname": "win-webapp-demo-xyz123.azurewebsites.net",
            "enabled": true,
            "ftp_publish_basic_authentication_enabled": true,
            "hosting_environment_id": "",
            "https_only": false,
            "id": "/subscriptions/804713df-4f23-407e-b4c4-483ea265aee2/resourceGroups/terraRg/providers/Microsoft.Web/sites/win-webapp-demo-xyz123",
            "identity": [],
            "key_vault_reference_identity_id": "SystemAssigned",
            "kind": "app",
            "location": "canadacentral",
            "logs": [],
            "name": "win-webapp-demo-xyz123",
            "outbound_ip_address_list": [
              "130.107.180.169",
              "130.107.180.207",
              "130.107.181.12",
              "130.107.181.29",
              "130.107.181.97",
              "130.107.181.108",
              "130.107.128.20",
              "130.107.128.84",
              "130.107.128.94",
              "130.107.128.109",
              "130.107.128.110",
              "130.107.128.114",
              "130.107.128.159",
              "130.107.128.171",
              "130.107.128.173",
              "130.107.128.187",
              "130.107.128.189",
              "130.107.128.199",
              "20.48.204.12"
            ],
            "outbound_ip_addresses": "130.107.180.169,130.107.180.207,130.107.181.12,130.107.181.29,130.107.181.97,130.107.181.108,130.107.128.20,130.107.128.84,130.107.128.94,130.107.128.109,130.107.128.110,130.107.128.114,130.107.128.159,130.107.128.171,130.107.128.173,130.107.128.187,130.107.128.189,130.107.128.199,20.48.204.12",
            "possible_outbound_ip_address_list": [
              "130.107.180.169",
              "130.107.180.207",
              "130.107.181.12",
              "130.107.181.29",
              "130.107.181.97",
              "130.107.181.108",
              "130.107.128.20",
              "130.107.128.84",
              "130.107.128.94",
              "130.107.128.109",
              "130.107.128.110",
              "130.107.128.114",
              "130.107.128.159",
              "130.107.128.171",
              "130.107.128.173",
              "130.107.128.187",
              "130.107.128.189",
              "130.107.128.199",
              "130.107.128.253",
              "130.107.181.131",
              "130.107.181.156",
              "130.107.181.222",
              "130.107.181.249",
              "130.107.182.143",
              "130.107.182.152",
              "130.107.182.226",
              "130.107.182.237",
              "130.107.183.22",
              "130.107.183.33",
              "130.107.183.60",
              "130.107.183.119",
              "130.107.183.214",
              "130.107.183.216",
              "130.107.183.227",
              "130.107.183.56",
              "130.107.183.57",
              "130.107.128.2",
              "130.107.128.201",
              "130.107.128.204",
              "130.107.128.225",
              "130.107.128.227",
              "130.107.128.229",
              "130.107.128.251",
              "20.48.204.12"
            ],
            "possible_outbound_ip_addresses": "130.107.180.169,130.107.180.207,130.107.181.12,130.107.181.29,130.107.181.97,130.107.181.108,130.107.128.20,130.107.128.84,130.107.128.94,130.107.128.109,130.107.128.110,130.107.128.114,130.107.128.159,130.107.128.171,130.107.128.173,130.107.128.187,130.107.128.189,130.107.128.199,130.107.128.253,130.107.181.131,130.107.181.156,130.107.181.222,130.107.181.249,130.107.182.143,130.107.182.152,130.107.182.226,130.107.182.237,130.107.183.22,130.107.183.33,130.107.183.60,130.107.183.119,130.107.183.214,130.107.183.216,130.107.183.227,130.107.183.56,130.107.183.57,130.107.128.2,130.107.128.201,130.107.128.204,130.107.128.225,130.107.128.227,130.107.128.229,130.107.128.251,20.48.204.12",
            "public_network_access_enabled": true,
            "resource_group_name": "terraRg",
            "service_plan_id": "/subscriptions/804713df-4f23-407e-b4c4-483ea265aee2/resourceGroups/terraRg/providers/Microsoft.Web/serverFarms/asp-webapp-demo",
            "site_config": [
              {
                "always_on": true,
                "api_definition_url": "",
                "api_management_api_id": "",
                "app_command_line": "",
                "application_stack": [
                  {
                    "current_stack": "dotnet",
                    "docker_image_name": "",
                    "docker_registry_password": "",
                    "docker_registry_url": "",
                    "docker_registry_username": "",
                    "dotnet_core_version": "",
                    "dotnet_version": "v6.0",
                    "java_container": "",
                    "java_container_version": "",
                    "java_embedded_server_enabled": false,
                    "java_version": "",
                    "node_version": "",
                    "php_version": "5.6",
                    "python": false,
                    "tomcat_version": ""
                  }
                ],
                "auto_heal_setting": [],
                "container_registry_managed_identity_client_id": "",
                "container_registry_use_managed_identity": false,
                "cors": [],
                "default_documents": [
                  "Default.htm",
                  "Default.html",
                  "Default.asp",
                  "index.htm",
                  "index.html",
                  "iisstart.htm",
                  "default.aspx",
                  "index.php",
                  "hostingstart.html"
                ],
                "detailed_error_logging_enabled": false,
                "ftps_state": "Disabled",
                "handler_mapping": [],
                "health_check_eviction_time_in_min": 0,
                "health_check_path": "",
                "http2_enabled": false,
                "ip_restriction": [],
                "ip_restriction_default_action": "Allow",
                "linux_fx_version": "",
                "load_balancing_mode": "LeastRequests",
                "local_mysql_enabled": false,
                "managed_pipeline_mode": "Integrated",
                "minimum_tls_version": "1.2",
                "remote_debugging_enabled": false,
                "remote_debugging_version": "VS2022",
                "scm_ip_restriction": [],
                "scm_ip_restriction_default_action": "Allow",
                "scm_minimum_tls_version": "1.2",
                "scm_type": "None",
                "scm_use_main_ip_restriction": false,
                "use_32_bit_worker": true,
                "virtual_application": [],
                "vnet_route_all_enabled": false,
                "websockets_enabled": false,
                "windows_fx_version": "",
                "worker_count": 1
              }
            ],
            "site_credential": [
              {
                "name": "$win-webapp-demo-xyz123",
                "password": "tbkAerPrzHWmuzMotfWffEeF8zPupKfmCsNp7rwbByjiyrtollrY4eRLqMQL"
              }
            ],
            "sticky_settings": [],
            "storage_account": [],
            "tags": {},
            "timeouts": null,
            "virtual_network_backup_restore_enabled": false,
            "virtual_network_image_pull_enabled": false,
            "virtual_network_subnet_id": "",
            "webdeploy_publish_basic_authentication_enabled": true,
            "zip_deploy_file": ""
          },
          "sensitive_attributes": [
            [
              {
                "type": "get_attr",
                "value": "custom_domain_verification_id"
              }
            ],
            [
              {
                "type": "get_attr",
                "value": "site_config"
              },
              {
                "type": "index",
                "value": {
                  "value": 0,
                  "type": "number"
                }
              },
              {
                "type": "get_attr",
                "value": "application_stack"
              },
              {
                "type": "index",
                "value": {
                  "value": 0,
                  "type": "number"
                }
              },
              {
                "type": "get_attr",
                "value": "docker_registry_password"
              }
            ],
            [
              {
                "type": "get_attr",
                "value": "site_credential"
              }
            ]
          ],
          "identity_schema_version": 0,
          "private": "eyJlMmJmYjczMC1lY2FhLTExZTYtOGY4OC0zNDM2M2JjN2M0YzAiOnsiY3JlYXRlIjoxODAwMDAwMDAwMDAwLCJkZWxldGUiOjE4MDAwMDAwMDAwMDAsInJlYWQiOjMwMDAwMDAwMDAwMCwidXBkYXRlIjoxODAwMDAwMDAwMDAwfSwic2NoZW1hX3ZlcnNpb24iOiIxIn0=",
          "dependencies": [
            "azurerm_resource_group.rgblock",
            "azurerm_service_plan.asp"
          ]
        }
      ]
    }
  ],
  "check_results": null
}
